// !$*UTF8*$!
{
	archiveVersion = 1;
	classes = {
	};
	objectVersion = 46;
	objects = {

/* Begin PBXBuildFile section */
		F69BDCA71D9DD8D8000F8658 /* Info.plist in Resources */ = {isa = PBXBuildFile; fileRef = F69BDCA51D9DD8D8000F8658 /* Info.plist */; };
		F69BDCB31D9DD8E7000F8658 /* AppDelegate.m in Sources */ = {isa = PBXBuildFile; fileRef = F69BDCA91D9DD8E7000F8658 /* AppDelegate.m */; };
		F69BDCB41D9DD8E7000F8658 /* boot.c in Sources */ = {isa = PBXBuildFile; fileRef = F69BDCAA1D9DD8E7000F8658 /* boot.c */; };
		F69BDCB51D9DD8E7000F8658 /* hello.m in Sources */ = {isa = PBXBuildFile; fileRef = F69BDCAB1D9DD8E7000F8658 /* hello.m */; };
		F69BDCB61D9DD8E7000F8658 /* HelloView.m in Sources */ = {isa = PBXBuildFile; fileRef = F69BDCAD1D9DD8E7000F8658 /* HelloView.m */; };
		F69BDCB71D9DD8E7000F8658 /* HelloViewController.m in Sources */ = {isa = PBXBuildFile; fileRef = F69BDCAF1D9DD8E7000F8658 /* HelloViewController.m */; };
		F69BDCB81D9DD8E7000F8658 /* main.m in Sources */ = {isa = PBXBuildFile; fileRef = F69BDCB01D9DD8E7000F8658 /* main.m */; };
		F69BDCB91D9DD8E7000F8658 /* VMContext.m in Sources */ = {isa = PBXBuildFile; fileRef = F69BDCB21D9DD8E7000F8658 /* VMContext.m */; };
		F69BDCBD1D9DE42A000F8658 /* Assets.xcassets in Resources */ = {isa = PBXBuildFile; fileRef = F69BDCBC1D9DE42A000F8658 /* Assets.xcassets */; };
		F69BDCC71D9DE705000F8658 /* LaunchScreen.storyboard in Resources */ = {isa = PBXBuildFile; fileRef = F69BDCC51D9DE705000F8658 /* LaunchScreen.storyboard */; };
		F69BDCC81D9DE705000F8658 /* Main.storyboard in Resources */ = {isa = PBXBuildFile; fileRef = F69BDCC61D9DE705000F8658 /* Main.storyboard */; };
/* End PBXBuildFile section */

/* Begin PBXFileReference section */
		6C87F1981BE67B8000307A75 /* hello.app */ = {isa = PBXFileReference; explicitFileType = wrapper.application; includeInIndex = 0; path = hello.app; sourceTree = BUILT_PRODUCTS_DIR; };
		F69BDCA51D9DD8D8000F8658 /* Info.plist */ = {isa = PBXFileReference; fileEncoding = 4; lastKnownFileType = text.plist.xml; name = Info.plist; path = src/main/xcode/Info.plist; sourceTree = "<group>"; };
		F69BDCA81D9DD8E7000F8658 /* AppDelegate.h */ = {isa = PBXFileReference; fileEncoding = 4; lastKnownFileType = sourcecode.c.h; name = AppDelegate.h; path = src/main/objc/AppDelegate.h; sourceTree = SOURCE_ROOT; };
		F69BDCA91D9DD8E7000F8658 /* AppDelegate.m */ = {isa = PBXFileReference; fileEncoding = 4; lastKnownFileType = sourcecode.c.objc; name = AppDelegate.m; path = src/main/objc/AppDelegate.m; sourceTree = SOURCE_ROOT; };
		F69BDCAA1D9DD8E7000F8658 /* boot.c */ = {isa = PBXFileReference; fileEncoding = 4; lastKnownFileType = sourcecode.c.c; name = boot.c; path = src/main/objc/boot.c; sourceTree = SOURCE_ROOT; };
		F69BDCAB1D9DD8E7000F8658 /* hello.m */ = {isa = PBXFileReference; fileEncoding = 4; lastKnownFileType = sourcecode.c.objc; name = hello.m; path = src/main/objc/hello.m; sourceTree = SOURCE_ROOT; };
		F69BDCAC1D9DD8E7000F8658 /* HelloView.h */ = {isa = PBXFileReference; fileEncoding = 4; lastKnownFileType = sourcecode.c.h; name = HelloView.h; path = src/main/objc/HelloView.h; sourceTree = SOURCE_ROOT; };
		F69BDCAD1D9DD8E7000F8658 /* HelloView.m */ = {isa = PBXFileReference; fileEncoding = 4; lastKnownFileType = sourcecode.c.objc; name = HelloView.m; path = src/main/objc/HelloView.m; sourceTree = SOURCE_ROOT; };
		F69BDCAE1D9DD8E7000F8658 /* HelloViewController.h */ = {isa = PBXFileReference; fileEncoding = 4; lastKnownFileType = sourcecode.c.h; name = HelloViewController.h; path = src/main/objc/HelloViewController.h; sourceTree = SOURCE_ROOT; };
		F69BDCAF1D9DD8E7000F8658 /* HelloViewController.m */ = {isa = PBXFileReference; fileEncoding = 4; lastKnownFileType = sourcecode.c.objc; name = HelloViewController.m; path = src/main/objc/HelloViewController.m; sourceTree = SOURCE_ROOT; };
		F69BDCB01D9DD8E7000F8658 /* main.m */ = {isa = PBXFileReference; fileEncoding = 4; lastKnownFileType = sourcecode.c.objc; name = main.m; path = src/main/objc/main.m; sourceTree = SOURCE_ROOT; };
		F69BDCB11D9DD8E7000F8658 /* VMContext.h */ = {isa = PBXFileReference; fileEncoding = 4; lastKnownFileType = sourcecode.c.h; name = VMContext.h; path = src/main/objc/VMContext.h; sourceTree = SOURCE_ROOT; };
		F69BDCB21D9DD8E7000F8658 /* VMContext.m */ = {isa = PBXFileReference; fileEncoding = 4; lastKnownFileType = sourcecode.c.objc; name = VMContext.m; path = src/main/objc/VMContext.m; sourceTree = SOURCE_ROOT; };
		F69BDCBC1D9DE42A000F8658 /* Assets.xcassets */ = {isa = PBXFileReference; lastKnownFileType = folder.assetcatalog; name = Assets.xcassets; path = src/main/xcode/Assets.xcassets; sourceTree = "<group>"; };
		F69BDCC51D9DE705000F8658 /* LaunchScreen.storyboard */ = {isa = PBXFileReference; fileEncoding = 4; lastKnownFileType = file.storyboard; name = LaunchScreen.storyboard; path = src/main/xcode/LaunchScreen.storyboard; sourceTree = "<group>"; };
		F69BDCC61D9DE705000F8658 /* Main.storyboard */ = {isa = PBXFileReference; fileEncoding = 4; lastKnownFileType = file.storyboard; name = Main.storyboard; path = src/main/xcode/Main.storyboard; sourceTree = "<group>"; };
/* End PBXFileReference section */

/* Begin PBXFrameworksBuildPhase section */
		6C87F1951BE67B8000307A75 /* Frameworks */ = {
			isa = PBXFrameworksBuildPhase;
			buildActionMask = 2147483647;
			files = (
			);
			runOnlyForDeploymentPostprocessing = 0;
		};
/* End PBXFrameworksBuildPhase section */

/* Begin PBXGroup section */
		6C87F18F1BE67B8000307A75 = {
			isa = PBXGroup;
			children = (
				F64FE2F51D96B50300DBF1A1 /* Resources */,
				6C87F19A1BE67B8000307A75 /* Source */,
				6C87F1991BE67B8000307A75 /* Products */,
			);
			sourceTree = "<group>";
		};
		6C87F1991BE67B8000307A75 /* Products */ = {
			isa = PBXGroup;
			children = (
				6C87F1981BE67B8000307A75 /* hello.app */,
			);
			name = Products;
			sourceTree = "<group>";
		};
		6C87F19A1BE67B8000307A75 /* Source */ = {
			isa = PBXGroup;
			children = (
				F69BDCA81D9DD8E7000F8658 /* AppDelegate.h */,
				F69BDCA91D9DD8E7000F8658 /* AppDelegate.m */,
				F69BDCAA1D9DD8E7000F8658 /* boot.c */,
				F69BDCAB1D9DD8E7000F8658 /* hello.m */,
				F69BDCAC1D9DD8E7000F8658 /* HelloView.h */,
				F69BDCAD1D9DD8E7000F8658 /* HelloView.m */,
				F69BDCAE1D9DD8E7000F8658 /* HelloViewController.h */,
				F69BDCAF1D9DD8E7000F8658 /* HelloViewController.m */,
				F69BDCB01D9DD8E7000F8658 /* main.m */,
				F69BDCB11D9DD8E7000F8658 /* VMContext.h */,
				F69BDCB21D9DD8E7000F8658 /* VMContext.m */,
			);
			name = Source;
			path = hello;
			sourceTree = "<group>";
		};
		F64FE2F51D96B50300DBF1A1 /* Resources */ = {
			isa = PBXGroup;
			children = (
				F69BDCC51D9DE705000F8658 /* LaunchScreen.storyboard */,
				F69BDCC61D9DE705000F8658 /* Main.storyboard */,
				F69BDCBC1D9DE42A000F8658 /* Assets.xcassets */,
				F69BDCA51D9DD8D8000F8658 /* Info.plist */,
			);
			name = Resources;
			sourceTree = "<group>";
		};
/* End PBXGroup section */

/* Begin PBXNativeTarget section */
		6C87F1971BE67B8000307A75 /* hello */ = {
			isa = PBXNativeTarget;
			buildConfigurationList = 6C87F1C51BE67B8000307A75 /* Build configuration list for PBXNativeTarget "hello" */;
			buildPhases = (
				F6B4CC381D98828B001975D9 /* Compile Java Code */,
				F69BDCA21D9DCE08000F8658 /* Generate Boot Image */,
				F69BDCA31D9DCE53000F8658 /* Create Fat Boot Image */,
				6C87F1941BE67B8000307A75 /* Sources */,
				6C87F1951BE67B8000307A75 /* Frameworks */,
				6C87F1961BE67B8000307A75 /* Resources */,
			);
			buildRules = (
			);
			dependencies = (
			);
			name = hello;
			productName = hello;
			productReference = 6C87F1981BE67B8000307A75 /* hello.app */;
			productType = "com.apple.product-type.application";
		};
/* End PBXNativeTarget section */

/* Begin PBXProject section */
		6C87F1901BE67B8000307A75 /* Project object */ = {
			isa = PBXProject;
			attributes = {
				LastUpgradeCheck = 0800;
				ORGANIZATIONNAME = HDM;
				TargetAttributes = {
					6C87F1971BE67B8000307A75 = {
						CreatedOnToolsVersion = 7.1;
					};
				};
			};
			buildConfigurationList = 6C87F1931BE67B8000307A75 /* Build configuration list for PBXProject "TestProject" */;
			compatibilityVersion = "Xcode 3.2";
			developmentRegion = English;
			hasScannedForEncodings = 0;
			knownRegions = (
				en,
				Base,
			);
			mainGroup = 6C87F18F1BE67B8000307A75;
			productRefGroup = 6C87F1991BE67B8000307A75 /* Products */;
			projectDirPath = "";
			projectRoot = "";
			targets = (
				6C87F1971BE67B8000307A75 /* hello */,
			);
		};
/* End PBXProject section */

/* Begin PBXResourcesBuildPhase section */
		6C87F1961BE67B8000307A75 /* Resources */ = {
			isa = PBXResourcesBuildPhase;
			buildActionMask = 2147483647;
			files = (
				F69BDCC71D9DE705000F8658 /* LaunchScreen.storyboard in Resources */,
				F69BDCA71D9DD8D8000F8658 /* Info.plist in Resources */,
				F69BDCBD1D9DE42A000F8658 /* Assets.xcassets in Resources */,
				F69BDCC81D9DE705000F8658 /* Main.storyboard in Resources */,
			);
			runOnlyForDeploymentPostprocessing = 0;
		};
/* End PBXResourcesBuildPhase section */

/* Begin PBXShellScriptBuildPhase section */
		F69BDCA21D9DCE08000F8658 /* Generate Boot Image */ = {
			isa = PBXShellScriptBuildPhase;
			buildActionMask = 2147483647;
			files = (
			);
			inputPaths = (
			);
			name = "Generate Boot Image";
			outputPaths = (
			);
			runOnlyForDeploymentPostprocessing = 0;
			shellPath = /bin/sh;
			shellScript = "bin=target/avian/bin\nclasses=target/classes\nobjects=target/objects\nmkdir -p $objects\n\nfind_newer () {\n    RES=\n    if [ ! -d target ] ; then return ; fi\n    for f in `find $1 -name \"$2\" ` ; do\n    if [ -z \"$RES\" ] ; then RES=$f ; fi\n    if [ \"$f\" -nt \"$RES\" ] ; then\n    RES=$f\n    fi\n    done\n}\n\nfind_newer target '*.class'\nif [ target/bootimage.list -nt \"$RES\" ] ; then exit 0 ; fi\n\nchmod u+x $bin/*\njar -cf target/avian/resources.jar -C src/main/resources/ .\nif [ \"`echo $PLATFORM_NAME | grep sim`\"  == \"\" ] ; then AVIAN_ARCHS='arm arm64' ; else AVIAN_ARCHS='i386 x86_64' ; fi\nfor arch in $AVIAN_ARCHS ; do\n$bin/bootimage-generator.$arch -cp $classes -bootimage $objects/bootimage-bin.$arch.o -codeimage $objects/codeimage-bin.$arch.o -hostvm $bin/libjvm.dylib || exit 1\n    $bin/binaryToObject target/avian/resources.jar $objects/resources-jar.$arch.o _binary_resources_jar_start _binary_resources_jar_end ios $arch 1 || exit 1\ndone\n";
			showEnvVarsInLog = 0;
		};
		F69BDCA31D9DCE53000F8658 /* Create Fat Boot Image */ = {
			isa = PBXShellScriptBuildPhase;
			buildActionMask = 2147483647;
			files = (
			);
			inputPaths = (
			);
			name = "Create Fat Boot Image";
			outputPaths = (
			);
			runOnlyForDeploymentPostprocessing = 0;
			shellPath = /bin/sh;
			shellScript = "objects=target/objects\nlinkobj=target/avian/lib\nmkdir -p $linkobj\nfor obj in bootimage-bin codeimage-bin resources-jar ; do\nlipo -create -output $linkobj/$obj.o $objects/$obj.*.o || exit 1\ndone\n\nls $linkobj/*o | tr -d ' ' >target/bootimage.list || exit 1\n";
			showEnvVarsInLog = 0;
		};
		F6B4CC381D98828B001975D9 /* Compile Java Code */ = {
			isa = PBXShellScriptBuildPhase;
			buildActionMask = 2147483647;
			files = (
			);
			inputPaths = (
			);
			name = "Compile Java Code";
			outputPaths = (
			);
			runOnlyForDeploymentPostprocessing = 0;
			shellPath = /bin/bash;
			shellScript = "find_newer () {\n    RES=\n    if [ ! -d target ] ; then return ; fi\n    for f in `find $1 -name \"$2\" ` ; do\n    if [ -z \"$RES\" ] ; then RES=$f ; fi\n    if [ \"$f\" -nt \"$RES\" ] ; then\n    RES=$f\n    fi\n    done\n}\n\nfind_newer src '*.java'\nSOURCE=$RES\nfind_newer target '*.class'\nCLASS=$RES\nif [ -z \"$CLASS\" -o \"$SOURCE\" -nt \"$CLASS\" ] ; then mvn compile ; fi\n";
			showEnvVarsInLog = 0;
		};
/* End PBXShellScriptBuildPhase section */

/* Begin PBXSourcesBuildPhase section */
		6C87F1941BE67B8000307A75 /* Sources */ = {
			isa = PBXSourcesBuildPhase;
			buildActionMask = 2147483647;
			files = (
				F69BDCB51D9DD8E7000F8658 /* hello.m in Sources */,
				F69BDCB61D9DD8E7000F8658 /* HelloView.m in Sources */,
				F69BDCB31D9DD8E7000F8658 /* AppDelegate.m in Sources */,
				F69BDCB71D9DD8E7000F8658 /* HelloViewController.m in Sources */,
				F69BDCB81D9DD8E7000F8658 /* main.m in Sources */,
				F69BDCB91D9DD8E7000F8658 /* VMContext.m in Sources */,
				F69BDCB41D9DD8E7000F8658 /* boot.c in Sources */,
			);
			runOnlyForDeploymentPostprocessing = 0;
		};
/* End PBXSourcesBuildPhase section */

/* Begin XCBuildConfiguration section */
		6C87F1C31BE67B8000307A75 /* Debug */ = {
			isa = XCBuildConfiguration;
			buildSettings = {
				ALWAYS_SEARCH_USER_PATHS = NO;
				CLANG_CXX_LANGUAGE_STANDARD = "gnu++0x";
				CLANG_CXX_LIBRARY = "libc++";
				CLANG_ENABLE_MODULES = YES;
				CLANG_ENABLE_OBJC_ARC = NO;
				CLANG_WARN_BOOL_CONVERSION = YES;
				CLANG_WARN_CONSTANT_CONVERSION = YES;
				CLANG_WARN_DIRECT_OBJC_ISA_USAGE = YES_ERROR;
				CLANG_WARN_EMPTY_BODY = YES;
				CLANG_WARN_ENUM_CONVERSION = YES;
				CLANG_WARN_INFINITE_RECURSION = YES;
				CLANG_WARN_INT_CONVERSION = YES;
				CLANG_WARN_OBJC_ROOT_CLASS = YES_ERROR;
				CLANG_WARN_SUSPICIOUS_MOVE = YES;
				CLANG_WARN_UNREACHABLE_CODE = YES;
				CLANG_WARN__DUPLICATE_METHOD_MATCH = YES;
				"CODE_SIGN_IDENTITY[sdk=iphoneos*]" = "iPhone Developer";
				COPY_PHASE_STRIP = NO;
				DEBUG_INFORMATION_FORMAT = dwarf;
				ENABLE_STRICT_OBJC_MSGSEND = YES;
				ENABLE_TESTABILITY = YES;
				GCC_C_LANGUAGE_STANDARD = gnu99;
				GCC_DYNAMIC_NO_PIC = NO;
				GCC_NO_COMMON_BLOCKS = YES;
				GCC_OPTIMIZATION_LEVEL = 0;
				GCC_PREPROCESSOR_DEFINITIONS = (
					"DEBUG=1",
					"$(inherited)",
				);
				GCC_WARN_64_TO_32_BIT_CONVERSION = YES;
				GCC_WARN_ABOUT_DEPRECATED_FUNCTIONS = NO;
				GCC_WARN_ABOUT_RETURN_TYPE = YES_ERROR;
				GCC_WARN_UNDECLARED_SELECTOR = YES;
				GCC_WARN_UNINITIALIZED_AUTOS = YES_AGGRESSIVE;
				GCC_WARN_UNUSED_FUNCTION = YES;
				GCC_WARN_UNUSED_VARIABLE = YES;
				IPHONEOS_DEPLOYMENT_TARGET = 8.0;
				MTL_ENABLE_DEBUG_INFO = YES;
				ONLY_ACTIVE_ARCH = YES;
				SDKROOT = iphoneos;
				TARGETED_DEVICE_FAMILY = "1,2";
			};
			name = Debug;
		};
		6C87F1C41BE67B8000307A75 /* Release */ = {
			isa = XCBuildConfiguration;
			buildSettings = {
				ALWAYS_SEARCH_USER_PATHS = NO;
				CLANG_CXX_LANGUAGE_STANDARD = "gnu++0x";
				CLANG_CXX_LIBRARY = "libc++";
				CLANG_ENABLE_MODULES = YES;
				CLANG_ENABLE_OBJC_ARC = NO;
				CLANG_WARN_BOOL_CONVERSION = YES;
				CLANG_WARN_CONSTANT_CONVERSION = YES;
				CLANG_WARN_DIRECT_OBJC_ISA_USAGE = YES_ERROR;
				CLANG_WARN_EMPTY_BODY = YES;
				CLANG_WARN_ENUM_CONVERSION = YES;
				CLANG_WARN_INFINITE_RECURSION = YES;
				CLANG_WARN_INT_CONVERSION = YES;
				CLANG_WARN_OBJC_ROOT_CLASS = YES_ERROR;
				CLANG_WARN_SUSPICIOUS_MOVE = YES;
				CLANG_WARN_UNREACHABLE_CODE = YES;
				CLANG_WARN__DUPLICATE_METHOD_MATCH = YES;
				"CODE_SIGN_IDENTITY[sdk=iphoneos*]" = "iPhone Developer";
				COPY_PHASE_STRIP = NO;
				DEBUG_INFORMATION_FORMAT = "dwarf-with-dsym";
				ENABLE_NS_ASSERTIONS = NO;
				ENABLE_STRICT_OBJC_MSGSEND = YES;
				GCC_C_LANGUAGE_STANDARD = gnu99;
				GCC_NO_COMMON_BLOCKS = YES;
				GCC_WARN_64_TO_32_BIT_CONVERSION = YES;
				GCC_WARN_ABOUT_DEPRECATED_FUNCTIONS = NO;
				GCC_WARN_ABOUT_RETURN_TYPE = YES_ERROR;
				GCC_WARN_UNDECLARED_SELECTOR = YES;
				GCC_WARN_UNINITIALIZED_AUTOS = YES_AGGRESSIVE;
				GCC_WARN_UNUSED_FUNCTION = YES;
				GCC_WARN_UNUSED_VARIABLE = YES;
				IPHONEOS_DEPLOYMENT_TARGET = 8.0;
				MTL_ENABLE_DEBUG_INFO = NO;
				SDKROOT = iphoneos;
				TARGETED_DEVICE_FAMILY = "1,2";
				VALIDATE_PRODUCT = YES;
			};
			name = Release;
		};
		6C87F1C61BE67B8000307A75 /* Debug */ = {
			isa = XCBuildConfiguration;
			buildSettings = {
				ASSETCATALOG_COMPILER_APPICON_NAME = AppIcon;
				ASSETCATALOG_COMPILER_LAUNCHIMAGE_NAME = LaunchImage;
				DEVELOPMENT_TEAM = "";
				ENABLE_BITCODE = NO;
				HEADER_SEARCH_PATHS = (
					/System/Library/Frameworks/JavaVM.framework/Headers,
					/Applications/Xcode.app/Contents/Developer/Platforms/MacOSX.platform/Developer/SDKs/MacOSX.sdk/System/Library/Frameworks/JavaVM.framework/Versions/A/Headers,
				);
				INFOPLIST_FILE = "$(SRCROOT)/src/main/xcode/Info.plist";
				IPHONEOS_DEPLOYMENT_TARGET = 8.0;
				LD_RUNPATH_SEARCH_PATHS = "$(inherited) @executable_path/Frameworks";
				OTHER_LDFLAGS = (
					"-filelist",
					target/bootimage.list,
					"-lz",
					"-lstdc++",
				);
				PRODUCT_BUNDLE_IDENTIFIER = com.hdmi.hello;
				PRODUCT_NAME = "$(TARGET_NAME)";
			};
			name = Debug;
		};
		6C87F1C71BE67B8000307A75 /* Release */ = {
			isa = XCBuildConfiguration;
			buildSettings = {
				ASSETCATALOG_COMPILER_APPICON_NAME = AppIcon;
				ASSETCATALOG_COMPILER_LAUNCHIMAGE_NAME = LaunchImage;
				DEVELOPMENT_TEAM = "";
				ENABLE_BITCODE = NO;
				HEADER_SEARCH_PATHS = (
					/System/Library/Frameworks/JavaVM.framework/Headers,
					/Applications/Xcode.app/Contents/Developer/Platforms/MacOSX.platform/Developer/SDKs/MacOSX.sdk/System/Library/Frameworks/JavaVM.framework/Versions/A/Headers,
				);
				INFOPLIST_FILE = "$(SRCROOT)/src/main/xcode/Info.plist";
				IPHONEOS_DEPLOYMENT_TARGET = 8.0;
				LD_RUNPATH_SEARCH_PATHS = "$(inherited) @executable_path/Frameworks";
				ONLY_ACTIVE_ARCH = YES;
				OTHER_CFLAGS = "-DNS_BLOCK_ASSERTIONS=1";
				OTHER_LDFLAGS = (
					"-filelist",
					target/bootimage.list,
					"-lz",
					"-lstdc++",
				);
				PRODUCT_BUNDLE_IDENTIFIER = com.hdmi.hello;
				PRODUCT_NAME = "$(TARGET_NAME)";
			};
			name = Release;
		};
/* End XCBuildConfiguration section */

/* Begin XCConfigurationList section */
		6C87F1931BE67B8000307A75 /* Build configuration list for PBXProject "TestProject" */ = {
			isa = XCConfigurationList;
			buildConfigurations = (
				6C87F1C31BE67B8000307A75 /* Debug */,
				6C87F1C41BE67B8000307A75 /* Release */,
			);
			defaultConfigurationIsVisible = 0;
			defaultConfigurationName = Release;
		};
		6C87F1C51BE67B8000307A75 /* Build configuration list for PBXNativeTarget "hello" */ = {
			isa = XCConfigurationList;
			buildConfigurations = (
				6C87F1C61BE67B8000307A75 /* Debug */,
				6C87F1C71BE67B8000307A75 /* Release */,
			);
			defaultConfigurationIsVisible = 0;
			defaultConfigurationName = Release;
		};
/* End XCConfigurationList section */
	};
	rootObject = 6C87F1901BE67B8000307A75 /* Project object */;
}
